
Microsoft Visual Studio Solution File, Format Version 12.00
# Visual Studio Version 17
VisualStudioVersion = 17.11.35222.181
MinimumVisualStudioVersion = 10.0.40219.1
Project("{FAE04EC0-301F-11D3-BF4B-00C04F79EFBC}") = "UspgPOS", "UspgPOS.csproj", "{8D52E895-C642-4A46-A5CC-4FBE91EB891A}"
EndProject
Global
	GlobalSection(SolutionConfigurationPlatforms) = preSolution
		Debug|Any CPU = Debug|Any CPU
		Release|Any CPU = Release|Any CPU
	EndGlobalSection
	GlobalSection(ProjectConfigurationPlatforms) = postSolution
		{8D52E895-C642-4A46-A5CC-4FBE91EB891A}.Debug|Any CPU.ActiveCfg = Debug|Any CPU
		{8D52E895-C642-4A46-A5CC-4FBE91EB891A}.Debug|Any CPU.Build.0 = Debug|Any CPU
		{8D52E895-C642-4A46-A5CC-4FBE91EB891A}.Release|Any CPU.ActiveCfg = Release|Any CPU
		{8D52E895-C642-4A46-A5CC-4FBE91EB891A}.Release|Any CPU.Build.0 = Release|Any CPU
	EndGlobalSection
	GlobalSection(SolutionProperties) = preSolution
		HideSolutionNode = FALSE
	EndGlobalSection
	GlobalSection(ExtensibilityGlobals) = postSolution
		SolutionGuid = {B33AF8E8-4CE5-4115-AF32-DD63EDB64113}
	EndGlobalSection
EndGlobal
